{
  "name": "vc-rag-agent-claude-managed",
  "version": "0.1.0",
  "lockfileVersion": 3,
  "requires": true,
  "packages": {
    "": {
      "name": "vc-rag-agent-claude-managed",
      "version": "0.1.0",
      "dependencies": {
        "@anthropic-ai/sdk": "^0.55.0",
        "openai": "^6.44.0",
        "zod": "^3.24.0"
      },
      "engines": {
        "node": ">=18"
      }
    },
    "node_modules/@anthropic-ai/sdk": {
      "version": "0.55.1",
      "resolved": "https://registry.npmjs.org/@anthropic-ai/sdk/-/sdk-0.55.1.tgz",
      "integrity": "sha512-gjOMS4chmm8BxClKmCjNHmvf1FrO1Cn++CSX6K3YCZjz5JG4I9ZttQ/xEH4FBsz6HQyZvnUpiKlOAkmxaGmEaQ==",
      "license": "MIT",
      "bin": {
        "anthropic-ai-sdk": "bin/cli"
      }
    },
    "node_modules/openai": {
      "version": "6.44.0",
      "resolved": "https://registry.npmjs.org/openai/-/openai-6.44.0.tgz",
      "integrity": "sha512-09/gH+8jH0RgUwsgWHAaxsKGRT5zVZ95IaJUnqAWj6XejIBmnFRwq2WUIF37VtDEsmGrtPmvCs5+yBSeZGWvkA==",
      "license": "Apache-2.0",
      "peerDependencies": {
        "ws": "^8.18.0",
        "zod": "^3.25 || ^4.0"
      },
      "peerDependenciesMeta": {
        "ws": {
          "optional": true
        },
        "zod": {
          "optional": true
        }
      }
    },
    "node_modules/zod": {
      "version": "3.25.76",
      "resolved": "https://registry.npmjs.org/zod/-/zod-3.25.76.tgz",
      "integrity": "sha512-gzUt/qt81nXsFGKIFcC3YnfEAx5NkunCfnDlvuBSSFS02bcXu4Lmea0AFIUwbLWxWPx3d9p8S5QoaujKcNQxcQ==",
      "license": "MIT",
      "funding": {
        "url": "https://github.com/sponsors/colinhacks"
      }
    }
  }
}
